// !$*UTF8*$!
{
	archiveVersion = 1;
	classes = {
	};
	objectVersion = 70;
	objects = {

/* Begin PBXBuildFile section */
		022796FA2F4698A40016D87E /* DomainError.swift in Sources */ = {isa = PBXBuildFile; fileRef = 022796F82F4698A40016D87E /* DomainError.swift */; };
		022796FE2F4698FC0016D87E /* NetworkError.swift in Sources */ = {isa = PBXBuildFile; fileRef = 022796FD2F4698FC0016D87E /* NetworkError.swift */; };
		0228EFC92B193DB10044B4C1 /* Kingfisher in Frameworks */ = {isa = PBXBuildFile; productRef = 0228EFC82B193DB10044B4C1 /* Kingfisher */; };
		0266D31B2F45729C00776BD6 /* UserImageView.swift in Sources */ = {isa = PBXBuildFile; fileRef = 0266D31A2F45728900776BD6 /* UserImageView.swift */; };
		026A45A62F4B8D49002FA156 /* DI.swift in Sources */ = {isa = PBXBuildFile; fileRef = 026A45A52F4B8D47002FA156 /* DI.swift */; };
		026A45D82F4D631A002FA156 /* ViewInspector in Frameworks */ = {isa = PBXBuildFile; productRef = 026A45D72F4D631A002FA156 /* ViewInspector */; };
		34651B6CC0CE74772DAF9805 /* Image+Presentation.swift in Sources */ = {isa = PBXBuildFile; fileRef = 0EF095853F650571A879DEF3 /* Image+Presentation.swift */; };
		B9E2B6A01B40F44A164E02B0 /* MasonryLayout.swift in Sources */ = {isa = PBXBuildFile; fileRef = 22F4B2C9D1C103C3397C5440 /* MasonryLayout.swift */; };
		CEB389E8291F104B00B846D0 /* ImageView.swift in Sources */ = {isa = PBXBuildFile; fileRef = CEB389E7291F104B00B846D0 /* ImageView.swift */; };
		CEC1C7C0291EB4BF00283214 /* ImageAppApp.swift in Sources */ = {isa = PBXBuildFile; fileRef = CEC1C7BF291EB4BF00283214 /* ImageAppApp.swift */; };
		CEC1C7C4291EB4C000283214 /* Assets.xcassets in Resources */ = {isa = PBXBuildFile; fileRef = CEC1C7C3291EB4C000283214 /* Assets.xcassets */; };
		CEC1C7C7291EB4C000283214 /* Preview Assets.xcassets in Resources */ = {isa = PBXBuildFile; fileRef = CEC1C7C6291EB4C000283214 /* Preview Assets.xcassets */; };
		CEC1C7D8291EB79B00283214 /* Endpoint.swift in Sources */ = {isa = PBXBuildFile; fileRef = CEC1C7D7291EB79B00283214 /* Endpoint.swift */; };
		CEC1C7DA291EB7EB00283214 /* NetworkConfigurable.swift in Sources */ = {isa = PBXBuildFile; fileRef = CEC1C7D9291EB7EB00283214 /* NetworkConfigurable.swift */; };
		CEC1C7DC291EB80100283214 /* UrlConfiguration.swift in Sources */ = {isa = PBXBuildFile; fileRef = CEC1C7DB291EB80100283214 /* UrlConfiguration.swift */; };
		CEC1C7DF291EB86600283214 /* ApiProvider.swift in Sources */ = {isa = PBXBuildFile; fileRef = CEC1C7DE291EB86600283214 /* ApiProvider.swift */; };
		CEC1C7E2291EBD4D00283214 /* ImageEndpoints.swift in Sources */ = {isa = PBXBuildFile; fileRef = CEC1C7E1291EBD4D00283214 /* ImageEndpoints.swift */; };
		CEC1C7E4291EBD6F00283214 /* UserEndpoints.swift in Sources */ = {isa = PBXBuildFile; fileRef = CEC1C7E3291EBD6F00283214 /* UserEndpoints.swift */; };
		CEC1C7EA291EBDE100283214 /* ImagesRequest.swift in Sources */ = {isa = PBXBuildFile; fileRef = CEC1C7E9291EBDE100283214 /* ImagesRequest.swift */; };
		CEC1C7ED291EBE2400283214 /* ImageDto.swift in Sources */ = {isa = PBXBuildFile; fileRef = CEC1C7EC291EBE2400283214 /* ImageDto.swift */; };
		CEC1C7EF291EBE8E00283214 /* UserDto.swift in Sources */ = {isa = PBXBuildFile; fileRef = CEC1C7EE291EBE8E00283214 /* UserDto.swift */; };
		CEC1C7F1291EBED600283214 /* UrlDto.swift in Sources */ = {isa = PBXBuildFile; fileRef = CEC1C7F0291EBED600283214 /* UrlDto.swift */; };
		CEC1C7F4291EC20A00283214 /* ImageDataSource.swift in Sources */ = {isa = PBXBuildFile; fileRef = CEC1C7F3291EC20A00283214 /* ImageDataSource.swift */; };
		CEC1C7F8291EC48A00283214 /* ImageRepositoryType.swift in Sources */ = {isa = PBXBuildFile; fileRef = CEC1C7F7291EC48A00283214 /* ImageRepositoryType.swift */; };
		CEC1C7FA291EC4E000283214 /* ImageRepository.swift in Sources */ = {isa = PBXBuildFile; fileRef = CEC1C7F9291EC4E000283214 /* ImageRepository.swift */; };
		CEC1C7FD291EC5F200283214 /* Mapper.swift in Sources */ = {isa = PBXBuildFile; fileRef = CEC1C7FC291EC5F200283214 /* Mapper.swift */; };
		CEC1C802291EC63300283214 /* ImageModel.swift in Sources */ = {isa = PBXBuildFile; fileRef = CEC1C801291EC63300283214 /* ImageModel.swift */; };
		CEC1C805291EC69D00283214 /* UserModel.swift in Sources */ = {isa = PBXBuildFile; fileRef = CEC1C804291EC69D00283214 /* UserModel.swift */; };
		CEC1C807291EC70600283214 /* UrlModel.swift in Sources */ = {isa = PBXBuildFile; fileRef = CEC1C806291EC70600283214 /* UrlModel.swift */; };
		CEC1C809291ECCF500283214 /* ImageMapper.swift in Sources */ = {isa = PBXBuildFile; fileRef = CEC1C808291ECCF500283214 /* ImageMapper.swift */; };
		CEC1C80C291ECE7800283214 /* UserMapper.swift in Sources */ = {isa = PBXBuildFile; fileRef = CEC1C80B291ECE7800283214 /* UserMapper.swift */; };
		CEC1C80E291ECEB400283214 /* UrlMapper.swift in Sources */ = {isa = PBXBuildFile; fileRef = CEC1C80D291ECEB400283214 /* UrlMapper.swift */; };
		CEC1C811291ECF1B00283214 /* String+Optional.swift in Sources */ = {isa = PBXBuildFile; fileRef = CEC1C810291ECF1B00283214 /* String+Optional.swift */; };
		CEC1C815291ED44D00283214 /* RetrieveImagesUseCase.swift in Sources */ = {isa = PBXBuildFile; fileRef = CEC1C814291ED44D00283214 /* RetrieveImagesUseCase.swift */; };
		CEC1C819291ED7E300283214 /* ImageListViewModel.swift in Sources */ = {isa = PBXBuildFile; fileRef = CEC1C818291ED7E300283214 /* ImageListViewModel.swift */; };
		CEC1C81B291ED7F000283214 /* ImageListView.swift in Sources */ = {isa = PBXBuildFile; fileRef = CEC1C81A291ED7F000283214 /* ImageListView.swift */; };
		DDABF23C9161854703058682 /* DateFormatterHelper.swift in Sources */ = {isa = PBXBuildFile; fileRef = 6C40E4F49AFB681C31E3825D /* DateFormatterHelper.swift */; };
		E1750EE57D97D15C25C5A864 /* User+Presentation.swift in Sources */ = {isa = PBXBuildFile; fileRef = B852B5976E6EB6A77A8136A2 /* User+Presentation.swift */; };
/* End PBXBuildFile section */

/* Begin PBXContainerItemProxy section */
		026A45AF2F4B92B9002FA156 /* PBXContainerItemProxy */ = {
			isa = PBXContainerItemProxy;
			containerPortal = CEC1C7B4291EB4BF00283214 /* Project object */;
			proxyType = 1;
			remoteGlobalIDString = CEC1C7BB291EB4BF00283214;
			remoteInfo = ImageApp;
		};
/* End PBXContainerItemProxy section */

/* Begin PBXFileReference section */
		022796F82F4698A40016D87E /* DomainError.swift */ = {isa = PBXFileReference; lastKnownFileType = sourcecode.swift; path = DomainError.swift; sourceTree = "<group>"; };
		022796FD2F4698FC0016D87E /* NetworkError.swift */ = {isa = PBXFileReference; lastKnownFileType = sourcecode.swift; path = NetworkError.swift; sourceTree = "<group>"; };
		0266D31A2F45728900776BD6 /* UserImageView.swift */ = {isa = PBXFileReference; lastKnownFileType = sourcecode.swift; path = UserImageView.swift; sourceTree = "<group>"; };
		026A45A52F4B8D47002FA156 /* DI.swift */ = {isa = PBXFileReference; lastKnownFileType = sourcecode.swift; path = DI.swift; sourceTree = "<group>"; };
		026A45AB2F4B92B9002FA156 /* ImageAppTests.xctest */ = {isa = PBXFileReference; explicitFileType = wrapper.cfbundle; includeInIndex = 0; path = ImageAppTests.xctest; sourceTree = BUILT_PRODUCTS_DIR; };
		0EF095853F650571A879DEF3 /* Image+Presentation.swift */ = {isa = PBXFileReference; lastKnownFileType = sourcecode.swift; path = "Image+Presentation.swift"; sourceTree = "<group>"; };
		22F4B2C9D1C103C3397C5440 /* MasonryLayout.swift */ = {isa = PBXFileReference; lastKnownFileType = sourcecode.swift; path = MasonryLayout.swift; sourceTree = "<group>"; };
		6C40E4F49AFB681C31E3825D /* DateFormatterHelper.swift */ = {isa = PBXFileReference; lastKnownFileType = sourcecode.swift; path = DateFormatterHelper.swift; sourceTree = "<group>"; };
		B852B5976E6EB6A77A8136A2 /* User+Presentation.swift */ = {isa = PBXFileReference; lastKnownFileType = sourcecode.swift; path = "User+Presentation.swift"; sourceTree = "<group>"; };
		C6BF5ADD123F44CAA2347044 /* NetworkError.swift */ = {isa = PBXFileReference; lastKnownFileType = sourcecode.swift; path = NetworkError.swift; sourceTree = "<group>"; };
		CEB389E7291F104B00B846D0 /* ImageView.swift */ = {isa = PBXFileReference; lastKnownFileType = sourcecode.swift; path = ImageView.swift; sourceTree = "<group>"; };
		CEC1C7BC291EB4BF00283214 /* ImageApp.app */ = {isa = PBXFileReference; explicitFileType = wrapper.application; includeInIndex = 0; path = ImageApp.app; sourceTree = BUILT_PRODUCTS_DIR; };
		CEC1C7BF291EB4BF00283214 /* ImageAppApp.swift */ = {isa = PBXFileReference; lastKnownFileType = sourcecode.swift; path = ImageAppApp.swift; sourceTree = "<group>"; };
		CEC1C7C3291EB4C000283214 /* Assets.xcassets */ = {isa = PBXFileReference; lastKnownFileType = folder.assetcatalog; path = Assets.xcassets; sourceTree = "<group>"; };
		CEC1C7C6291EB4C000283214 /* Preview Assets.xcassets */ = {isa = PBXFileReference; lastKnownFileType = folder.assetcatalog; path = "Preview Assets.xcassets"; sourceTree = "<group>"; };
		CEC1C7D7291EB79B00283214 /* Endpoint.swift */ = {isa = PBXFileReference; lastKnownFileType = sourcecode.swift; path = Endpoint.swift; sourceTree = "<group>"; };
		CEC1C7D9291EB7EB00283214 /* NetworkConfigurable.swift */ = {isa = PBXFileReference; lastKnownFileType = sourcecode.swift; path = NetworkConfigurable.swift; sourceTree = "<group>"; };
		CEC1C7DB291EB80100283214 /* UrlConfiguration.swift */ = {isa = PBXFileReference; lastKnownFileType = sourcecode.swift; path = UrlConfiguration.swift; sourceTree = "<group>"; };
		CEC1C7DE291EB86600283214 /* ApiProvider.swift */ = {isa = PBXFileReference; lastKnownFileType = sourcecode.swift; path = ApiProvider.swift; sourceTree = "<group>"; };
		CEC1C7E1291EBD4D00283214 /* ImageEndpoints.swift */ = {isa = PBXFileReference; lastKnownFileType = sourcecode.swift; path = ImageEndpoints.swift; sourceTree = "<group>"; };
		CEC1C7E3291EBD6F00283214 /* UserEndpoints.swift */ = {isa = PBXFileReference; lastKnownFileType = sourcecode.swift; path = UserEndpoints.swift; sourceTree = "<group>"; };
		CEC1C7E9291EBDE100283214 /* ImagesRequest.swift */ = {isa = PBXFileReference; lastKnownFileType = sourcecode.swift; path = ImagesRequest.swift; sourceTree = "<group>"; };
		CEC1C7EC291EBE2400283214 /* ImageDto.swift */ = {isa = PBXFileReference; lastKnownFileType = sourcecode.swift; path = ImageDto.swift; sourceTree = "<group>"; };
		CEC1C7EE291EBE8E00283214 /* UserDto.swift */ = {isa = PBXFileReference; lastKnownFileType = sourcecode.swift; path = UserDto.swift; sourceTree = "<group>"; };
		CEC1C7F0291EBED600283214 /* UrlDto.swift */ = {isa = PBXFileReference; lastKnownFileType = sourcecode.swift; path = UrlDto.swift; sourceTree = "<group>"; };
		CEC1C7F3291EC20A00283214 /* ImageDataSource.swift */ = {isa = PBXFileReference; lastKnownFileType = sourcecode.swift; path = ImageDataSource.swift; sourceTree = "<group>"; };
		CEC1C7F7291EC48A00283214 /* ImageRepositoryType.swift */ = {isa = PBXFileReference; lastKnownFileType = sourcecode.swift; path = ImageRepositoryType.swift; sourceTree = "<group>"; };
		CEC1C7F9291EC4E000283214 /* ImageRepository.swift */ = {isa = PBXFileReference; lastKnownFileType = sourcecode.swift; path = ImageRepository.swift; sourceTree = "<group>"; };
		CEC1C7FC291EC5F200283214 /* Mapper.swift */ = {isa = PBXFileReference; lastKnownFileType = sourcecode.swift; path = Mapper.swift; sourceTree = "<group>"; };
		CEC1C801291EC63300283214 /* ImageModel.swift */ = {isa = PBXFileReference; lastKnownFileType = sourcecode.swift; path = ImageModel.swift; sourceTree = "<group>"; };
		CEC1C804291EC69D00283214 /* UserModel.swift */ = {isa = PBXFileReference; lastKnownFileType = sourcecode.swift; path = UserModel.swift; sourceTree = "<group>"; };
		CEC1C806291EC70600283214 /* UrlModel.swift */ = {isa = PBXFileReference; lastKnownFileType = sourcecode.swift; path = UrlModel.swift; sourceTree = "<group>"; };
		CEC1C808291ECCF500283214 /* ImageMapper.swift */ = {isa = PBXFileReference; lastKnownFileType = sourcecode.swift; path = ImageMapper.swift; sourceTree = "<group>"; };
		CEC1C80B291ECE7800283214 /* UserMapper.swift */ = {isa = PBXFileReference; lastKnownFileType = sourcecode.swift; path = UserMapper.swift; sourceTree = "<group>"; };
		CEC1C80D291ECEB400283214 /* UrlMapper.swift */ = {isa = PBXFileReference; lastKnownFileType = sourcecode.swift; path = UrlMapper.swift; sourceTree = "<group>"; };
		CEC1C810291ECF1B00283214 /* String+Optional.swift */ = {isa = PBXFileReference; lastKnownFileType = sourcecode.swift; path = "String+Optional.swift"; sourceTree = "<group>"; };
		CEC1C814291ED44D00283214 /* RetrieveImagesUseCase.swift */ = {isa = PBXFileReference; lastKnownFileType = sourcecode.swift; path = RetrieveImagesUseCase.swift; sourceTree = "<group>"; };
		CEC1C818291ED7E300283214 /* ImageListViewModel.swift */ = {isa = PBXFileReference; lastKnownFileType = sourcecode.swift; path = ImageListViewModel.swift; sourceTree = "<group>"; };
		CEC1C81A291ED7F000283214 /* ImageListView.swift */ = {isa = PBXFileReference; lastKnownFileType = sourcecode.swift; path = ImageListView.swift; sourceTree = "<group>"; };
		EE1E5D98FC1F459D8F091AEC /* DomainError.swift */ = {isa = PBXFileReference; lastKnownFileType = sourcecode.swift; path = DomainError.swift; sourceTree = "<group>"; };
/* End PBXFileReference section */

/* Begin PBXFileSystemSynchronizedRootGroup section */
		026A45AC2F4B92B9002FA156 /* ImageAppTests */ = {isa = PBXFileSystemSynchronizedRootGroup; explicitFileTypes = {}; explicitFolders = (); path = ImageAppTests; sourceTree = "<group>"; };
/* End PBXFileSystemSynchronizedRootGroup section */

/* Begin PBXFrameworksBuildPhase section */
		026A45A82F4B92B9002FA156 /* Frameworks */ = {
			isa = PBXFrameworksBuildPhase;
			buildActionMask = 2147483647;
			files = (
				026A45D82F4D631A002FA156 /* ViewInspector in Frameworks */,
			);
			runOnlyForDeploymentPostprocessing = 0;
		};
		CEC1C7B9291EB4BF00283214 /* Frameworks */ = {
			isa = PBXFrameworksBuildPhase;
			buildActionMask = 2147483647;
			files = (
				0228EFC92B193DB10044B4C1 /* Kingfisher in Frameworks */,
			);
			runOnlyForDeploymentPostprocessing = 0;
		};
/* End PBXFrameworksBuildPhase section */

/* Begin PBXGroup section */
		022796F12F4697FC0016D87E /* Recovered References */ = {
			isa = PBXGroup;
			children = (
				C6BF5ADD123F44CAA2347044 /* NetworkError.swift */,
				EE1E5D98FC1F459D8F091AEC /* DomainError.swift */,
			);
			name = "Recovered References";
			sourceTree = "<group>";
		};
		022796F92F4698A40016D87E /* Error */ = {
			isa = PBXGroup;
			children = (
				022796F82F4698A40016D87E /* DomainError.swift */,
			);
			path = Error;
			sourceTree = "<group>";
		};
		026A45A42F4B8D1E002FA156 /* DI */ = {
			isa = PBXGroup;
			children = (
				026A45A52F4B8D47002FA156 /* DI.swift */,
			);
			path = DI;
			sourceTree = "<group>";
		};
		1A621E0F4AE6DC7539048B04 /* Presentation */ = {
			isa = PBXGroup;
			children = (
				B852B5976E6EB6A77A8136A2 /* User+Presentation.swift */,
			);
			path = Presentation;
			sourceTree = "<group>";
		};
		1C84D761260B5C82DE5DCBFB /* Formatter */ = {
			isa = PBXGroup;
			children = (
				6C40E4F49AFB681C31E3825D /* DateFormatterHelper.swift */,
			);
			path = Formatter;
			sourceTree = "<group>";
		};
		90C62EC1DF77EC1FA56DB390 /* User */ = {
			isa = PBXGroup;
			children = (
				1A621E0F4AE6DC7539048B04 /* Presentation */,
			);
			path = User;
			sourceTree = "<group>";
		};
		B8B04D7D595E06F7FAA5CD6C /* Layout */ = {
			isa = PBXGroup;
			children = (
				22F4B2C9D1C103C3397C5440 /* MasonryLayout.swift */,
			);
			path = Layout;
			sourceTree = "<group>";
		};
		CE4671A2291F0F89000B6A19 /* Views */ = {
			isa = PBXGroup;
			children = (
				0266D31A2F45728900776BD6 /* UserImageView.swift */,
				CEB389E7291F104B00B846D0 /* ImageView.swift */,
			);
			path = Views;
			sourceTree = "<group>";
		};
		CEC1C7B3291EB4BF00283214 = {
			isa = PBXGroup;
			children = (
				CEC1C7BE291EB4BF00283214 /* Sources */,
				026A45AC2F4B92B9002FA156 /* ImageAppTests */,
				CEC1C7BD291EB4BF00283214 /* Products */,
				022796F12F4697FC0016D87E /* Recovered References */,
			);
			sourceTree = "<group>";
		};
		CEC1C7BD291EB4BF00283214 /* Products */ = {
			isa = PBXGroup;
			children = (
				CEC1C7BC291EB4BF00283214 /* ImageApp.app */,
				026A45AB2F4B92B9002FA156 /* ImageAppTests.xctest */,
			);
			name = Products;
			sourceTree = "<group>";
		};
		CEC1C7BE291EB4BF00283214 /* Sources */ = {
			isa = PBXGroup;
			children = (
				CEC1C7CE291EB57500283214 /* Resources */,
				CEC1C7CD291EB56D00283214 /* App */,
				CEC1C7BF291EB4BF00283214 /* ImageAppApp.swift */,
				CEC1C7C5291EB4C000283214 /* Preview Content */,
			);
			path = Sources;
			sourceTree = "<group>";
		};
		CEC1C7C5291EB4C000283214 /* Preview Content */ = {
			isa = PBXGroup;
			children = (
				CEC1C7C6291EB4C000283214 /* Preview Assets.xcassets */,
			);
			path = "Preview Content";
			sourceTree = "<group>";
		};
		CEC1C7CD291EB56D00283214 /* App */ = {
			isa = PBXGroup;
			children = (
				CEC1C7D3291EB5E700283214 /* Data */,
				CEC1C7D2291EB5D900283214 /* Domain */,
				CEC1C7D1291EB5D000283214 /* Features */,
				CEC1C7D0291EB5C700283214 /* Tools */,
			);
			path = App;
			sourceTree = "<group>";
		};
		CEC1C7CE291EB57500283214 /* Resources */ = {
			isa = PBXGroup;
			children = (
				CEC1C7C3291EB4C000283214 /* Assets.xcassets */,
			);
			path = Resources;
			sourceTree = "<group>";
		};
		CEC1C7D0291EB5C700283214 /* Tools */ = {
			isa = PBXGroup;
			children = (
				026A45A42F4B8D1E002FA156 /* DI */,
				1C84D761260B5C82DE5DCBFB /* Formatter */,
				B8B04D7D595E06F7FAA5CD6C /* Layout */,
				CEC1C80F291ECF0800283214 /* Extension */,
			);
			path = Tools;
			sourceTree = "<group>";
		};
		CEC1C7D1291EB5D000283214 /* Features */ = {
			isa = PBXGroup;
			children = (
				CEC1C816291ED7B400283214 /* Image */,
				90C62EC1DF77EC1FA56DB390 /* User */,
			);
			path = Features;
			sourceTree = "<group>";
		};
		CEC1C7D2291EB5D900283214 /* Domain */ = {
			isa = PBXGroup;
			children = (
				CEC1C812291ED42300283214 /* UseCase */,
				CEC1C7FF291EC61600283214 /* Model */,
				CEC1C7FB291EC5E100283214 /* Mapper */,
				CEC1C7F6291EC46600283214 /* Repository */,
				022796F92F4698A40016D87E /* Error */,
			);
			path = Domain;
			sourceTree = "<group>";
		};
		CEC1C7D3291EB5E700283214 /* Data */ = {
			isa = PBXGroup;
			children = (
				CEC1C7F5291EC45C00283214 /* Repository */,
				CEC1C7D4291EB5FE00283214 /* Remote */,
			);
			path = Data;
			sourceTree = "<group>";
		};
		CEC1C7D4291EB5FE00283214 /* Remote */ = {
			isa = PBXGroup;
			children = (
				CEC1C7F2291EC1F800283214 /* DataSource */,
				CEC1C7E5291EBDAF00283214 /* Dto */,
				CEC1C7E0291EBD0200283214 /* Endpoints */,
				CEC1C7D5291EB78600283214 /* Api */,
			);
			path = Remote;
			sourceTree = "<group>";
		};
		CEC1C7D5291EB78600283214 /* Api */ = {
			isa = PBXGroup;
			children = (
				CEC1C7DD291EB85100283214 /* Provider */,
				CEC1C7D6291EB78D00283214 /* Utils */,
			);
			path = Api;
			sourceTree = "<group>";
		};
		CEC1C7D6291EB78D00283214 /* Utils */ = {
			isa = PBXGroup;
			children = (
				CEC1C7D7291EB79B00283214 /* Endpoint.swift */,
				CEC1C7D9291EB7EB00283214 /* NetworkConfigurable.swift */,
				CEC1C7DB291EB80100283214 /* UrlConfiguration.swift */,
				022796FD2F4698FC0016D87E /* NetworkError.swift */,
			);
			path = Utils;
			sourceTree = "<group>";
		};
		CEC1C7DD291EB85100283214 /* Provider */ = {
			isa = PBXGroup;
			children = (
				CEC1C7DE291EB86600283214 /* ApiProvider.swift */,
			);
			path = Provider;
			sourceTree = "<group>";
		};
		CEC1C7E0291EBD0200283214 /* Endpoints */ = {
			isa = PBXGroup;
			children = (
				CEC1C7E1291EBD4D00283214 /* ImageEndpoints.swift */,
				CEC1C7E3291EBD6F00283214 /* UserEndpoints.swift */,
			);
			path = Endpoints;
			sourceTree = "<group>";
		};
		CEC1C7E5291EBDAF00283214 /* Dto */ = {
			isa = PBXGroup;
			children = (
				CEC1C7E7291EBDC500283214 /* User */,
				CEC1C7E6291EBDB500283214 /* Image */,
			);
			path = Dto;
			sourceTree = "<group>";
		};
		CEC1C7E6291EBDB500283214 /* Image */ = {
			isa = PBXGroup;
			children = (
				CEC1C7E8291EBDD000283214 /* Request */,
				CEC1C7EC291EBE2400283214 /* ImageDto.swift */,
			);
			path = Image;
			sourceTree = "<group>";
		};
		CEC1C7E7291EBDC500283214 /* User */ = {
			isa = PBXGroup;
			children = (
				CEC1C7EE291EBE8E00283214 /* UserDto.swift */,
				CEC1C7F0291EBED600283214 /* UrlDto.swift */,
			);
			path = User;
			sourceTree = "<group>";
		};
		CEC1C7E8291EBDD000283214 /* Request */ = {
			isa = PBXGroup;
			children = (
				CEC1C7E9291EBDE100283214 /* ImagesRequest.swift */,
			);
			path = Request;
			sourceTree = "<group>";
		};
		CEC1C7F2291EC1F800283214 /* DataSource */ = {
			isa = PBXGroup;
			children = (
				CEC1C7F3291EC20A00283214 /* ImageDataSource.swift */,
			);
			path = DataSource;
			sourceTree = "<group>";
		};
		CEC1C7F5291EC45C00283214 /* Repository */ = {
			isa = PBXGroup;
			children = (
				CEC1C7F9291EC4E000283214 /* ImageRepository.swift */,
			);
			path = Repository;
			sourceTree = "<group>";
		};
		CEC1C7F6291EC46600283214 /* Repository */ = {
			isa = PBXGroup;
			children = (
				CEC1C7F7291EC48A00283214 /* ImageRepositoryType.swift */,
			);
			path = Repository;
			sourceTree = "<group>";
		};
		CEC1C7FB291EC5E100283214 /* Mapper */ = {
			isa = PBXGroup;
			children = (
				CEC1C80A291ECE6D00283214 /* User */,
				CEC1C7FE291EC5FF00283214 /* Image */,
				CEC1C7FC291EC5F200283214 /* Mapper.swift */,
			);
			path = Mapper;
			sourceTree = "<group>";
		};
		CEC1C7FE291EC5FF00283214 /* Image */ = {
			isa = PBXGroup;
			children = (
				CEC1C808291ECCF500283214 /* ImageMapper.swift */,
			);
			path = Image;
			sourceTree = "<group>";
		};
		CEC1C7FF291EC61600283214 /* Model */ = {
			isa = PBXGroup;
			children = (
				CEC1C803291EC69000283214 /* User */,
				CEC1C800291EC61D00283214 /* Image */,
			);
			path = Model;
			sourceTree = "<group>";
		};
		CEC1C800291EC61D00283214 /* Image */ = {
			isa = PBXGroup;
			children = (
				CEC1C801291EC63300283214 /* ImageModel.swift */,
			);
			path = Image;
			sourceTree = "<group>";
		};
		CEC1C803291EC69000283214 /* User */ = {
			isa = PBXGroup;
			children = (
				CEC1C804291EC69D00283214 /* UserModel.swift */,
				CEC1C806291EC70600283214 /* UrlModel.swift */,
			);
			path = User;
			sourceTree = "<group>";
		};
		CEC1C80A291ECE6D00283214 /* User */ = {
			isa = PBXGroup;
			children = (
				CEC1C80B291ECE7800283214 /* UserMapper.swift */,
				CEC1C80D291ECEB400283214 /* UrlMapper.swift */,
			);
			path = User;
			sourceTree = "<group>";
		};
		CEC1C80F291ECF0800283214 /* Extension */ = {
			isa = PBXGroup;
			children = (
				CEC1C810291ECF1B00283214 /* String+Optional.swift */,
			);
			path = Extension;
			sourceTree = "<group>";
		};
		CEC1C812291ED42300283214 /* UseCase */ = {
			isa = PBXGroup;
			children = (
				CEC1C813291ED43A00283214 /* Image */,
			);
			path = UseCase;
			sourceTree = "<group>";
		};
		CEC1C813291ED43A00283214 /* Image */ = {
			isa = PBXGroup;
			children = (
				CEC1C814291ED44D00283214 /* RetrieveImagesUseCase.swift */,
			);
			path = Image;
			sourceTree = "<group>";
		};
		CEC1C816291ED7B400283214 /* Image */ = {
			isa = PBXGroup;
			children = (
				CEC1C817291ED7BF00283214 /* ImageList */,
				EE9F2E29DDC8CB617ECCC10A /* Presentation */,
			);
			path = Image;
			sourceTree = "<group>";
		};
		CEC1C817291ED7BF00283214 /* ImageList */ = {
			isa = PBXGroup;
			children = (
				CE4671A2291F0F89000B6A19 /* Views */,
				CEC1C818291ED7E300283214 /* ImageListViewModel.swift */,
				CEC1C81A291ED7F000283214 /* ImageListView.swift */,
			);
			path = ImageList;
			sourceTree = "<group>";
		};
		EE9F2E29DDC8CB617ECCC10A /* Presentation */ = {
			isa = PBXGroup;
			children = (
				0EF095853F650571A879DEF3 /* Image+Presentation.swift */,
			);
			path = Presentation;
			sourceTree = "<group>";
		};
/* End PBXGroup section */

/* Begin PBXNativeTarget section */
		026A45AA2F4B92B9002FA156 /* ImageAppTests */ = {
			isa = PBXNativeTarget;
			buildConfigurationList = 026A45B12F4B92B9002FA156 /* Build configuration list for PBXNativeTarget "ImageAppTests" */;
			buildPhases = (
				026A45A72F4B92B9002FA156 /* Sources */,
				026A45A82F4B92B9002FA156 /* Frameworks */,
				026A45A92F4B92B9002FA156 /* Resources */,
			);
			buildRules = (
			);
			dependencies = (
				026A45B02F4B92B9002FA156 /* PBXTargetDependency */,
			);
			fileSystemSynchronizedGroups = (
				026A45AC2F4B92B9002FA156 /* ImageAppTests */,
			);
			name = ImageAppTests;
			packageProductDependencies = (
				026A45D72F4D631A002FA156 /* ViewInspector */,
			);
			productName = ImageAppTests;
			productReference = 026A45AB2F4B92B9002FA156 /* ImageAppTests.xctest */;
			productType = "com.apple.product-type.bundle.unit-test";
		};
		CEC1C7BB291EB4BF00283214 /* ImageApp */ = {
			isa = PBXNativeTarget;
			buildConfigurationList = CEC1C7CA291EB4C000283214 /* Build configuration list for PBXNativeTarget "ImageApp" */;
			buildPhases = (
				CEC1C7B8291EB4BF00283214 /* Sources */,
				CEC1C7B9291EB4BF00283214 /* Frameworks */,
				CEC1C7BA291EB4BF00283214 /* Resources */,
			);
			buildRules = (
			);
			dependencies = (
			);
			name = ImageApp;
			packageProductDependencies = (
				0228EFC82B193DB10044B4C1 /* Kingfisher */,
			);
			productName = ImageApp;
			productReference = CEC1C7BC291EB4BF00283214 /* ImageApp.app */;
			productType = "com.apple.product-type.application";
		};
/* End PBXNativeTarget section */

/* Begin PBXProject section */
		CEC1C7B4291EB4BF00283214 /* Project object */ = {
			isa = PBXProject;
			attributes = {
				BuildIndependentTargetsInParallel = 1;
				LastSwiftUpdateCheck = 2620;
				LastUpgradeCheck = 1400;
				TargetAttributes = {
					026A45AA2F4B92B9002FA156 = {
						CreatedOnToolsVersion = 26.2;
						TestTargetID = CEC1C7BB291EB4BF00283214;
					};
					CEC1C7BB291EB4BF00283214 = {
						CreatedOnToolsVersion = 14.0;
					};
				};
			};
			buildConfigurationList = CEC1C7B7291EB4BF00283214 /* Build configuration list for PBXProject "ImageApp" */;
			compatibilityVersion = "Xcode 14.0";
			developmentRegion = en;
			hasScannedForEncodings = 0;
			knownRegions = (
				en,
				Base,
			);
			mainGroup = CEC1C7B3291EB4BF00283214;
			packageReferences = (
				0228EFC72B193DB10044B4C1 /* XCRemoteSwiftPackageReference "Kingfisher" */,
				026A45D62F4D631A002FA156 /* XCRemoteSwiftPackageReference "ViewInspector" */,
			);
			productRefGroup = CEC1C7BD291EB4BF00283214 /* Products */;
			projectDirPath = "";
			projectRoot = "";
			targets = (
				CEC1C7BB291EB4BF00283214 /* ImageApp */,
				026A45AA2F4B92B9002FA156 /* ImageAppTests */,
			);
		};
/* End PBXProject section */

/* Begin PBXResourcesBuildPhase section */
		026A45A92F4B92B9002FA156 /* Resources */ = {
			isa = PBXResourcesBuildPhase;
			buildActionMask = 2147483647;
			files = (
			);
			runOnlyForDeploymentPostprocessing = 0;
		};
		CEC1C7BA291EB4BF00283214 /* Resources */ = {
			isa = PBXResourcesBuildPhase;
			buildActionMask = 2147483647;
			files = (
				CEC1C7C7291EB4C000283214 /* Preview Assets.xcassets in Resources */,
				CEC1C7C4291EB4C000283214 /* Assets.xcassets in Resources */,
			);
			runOnlyForDeploymentPostprocessing = 0;
		};
/* End PBXResourcesBuildPhase section */

/* Begin PBXSourcesBuildPhase section */
		026A45A72F4B92B9002FA156 /* Sources */ = {
			isa = PBXSourcesBuildPhase;
			buildActionMask = 2147483647;
			files = (
			);
			runOnlyForDeploymentPostprocessing = 0;
		};
		CEC1C7B8291EB4BF00283214 /* Sources */ = {
			isa = PBXSourcesBuildPhase;
			buildActionMask = 2147483647;
			files = (
				CEC1C80E291ECEB400283214 /* UrlMapper.swift in Sources */,
				CEC1C819291ED7E300283214 /* ImageListViewModel.swift in Sources */,
				CEC1C80C291ECE7800283214 /* UserMapper.swift in Sources */,
				CEC1C811291ECF1B00283214 /* String+Optional.swift in Sources */,
				CEB389E8291F104B00B846D0 /* ImageView.swift in Sources */,
				CEC1C809291ECCF500283214 /* ImageMapper.swift in Sources */,
				026A45A62F4B8D49002FA156 /* DI.swift in Sources */,
				CEC1C7E4291EBD6F00283214 /* UserEndpoints.swift in Sources */,
				CEC1C7DC291EB80100283214 /* UrlConfiguration.swift in Sources */,
				CEC1C7D8291EB79B00283214 /* Endpoint.swift in Sources */,
				CEC1C7DF291EB86600283214 /* ApiProvider.swift in Sources */,
				CEC1C81B291ED7F000283214 /* ImageListView.swift in Sources */,
				B9E2B6A01B40F44A164E02B0 /* MasonryLayout.swift in Sources */,
				34651B6CC0CE74772DAF9805 /* Image+Presentation.swift in Sources */,
				E1750EE57D97D15C25C5A864 /* User+Presentation.swift in Sources */,
				DDABF23C9161854703058682 /* DateFormatterHelper.swift in Sources */,
				CEC1C7F1291EBED600283214 /* UrlDto.swift in Sources */,
				CEC1C7EF291EBE8E00283214 /* UserDto.swift in Sources */,
				CEC1C815291ED44D00283214 /* RetrieveImagesUseCase.swift in Sources */,
				CEC1C7FA291EC4E000283214 /* ImageRepository.swift in Sources */,
				CEC1C807291EC70600283214 /* UrlModel.swift in Sources */,
				CEC1C7E2291EBD4D00283214 /* ImageEndpoints.swift in Sources */,
				CEC1C7C0291EB4BF00283214 /* ImageAppApp.swift in Sources */,
				CEC1C7F8291EC48A00283214 /* ImageRepositoryType.swift in Sources */,
				CEC1C802291EC63300283214 /* ImageModel.swift in Sources */,
				CEC1C7ED291EBE2400283214 /* ImageDto.swift in Sources */,
				CEC1C7FD291EC5F200283214 /* Mapper.swift in Sources */,
				CEC1C805291EC69D00283214 /* UserModel.swift in Sources */,
				CEC1C7EA291EBDE100283214 /* ImagesRequest.swift in Sources */,
				CEC1C7DA291EB7EB00283214 /* NetworkConfigurable.swift in Sources */,
				022796FE2F4698FC0016D87E /* NetworkError.swift in Sources */,
				CEC1C7F4291EC20A00283214 /* ImageDataSource.swift in Sources */,
				0266D31B2F45729C00776BD6 /* UserImageView.swift in Sources */,
				022796FA2F4698A40016D87E /* DomainError.swift in Sources */,
			);
			runOnlyForDeploymentPostprocessing = 0;
		};
/* End PBXSourcesBuildPhase section */

/* Begin PBXTargetDependency section */
		026A45B02F4B92B9002FA156 /* PBXTargetDependency */ = {
			isa = PBXTargetDependency;
			target = CEC1C7BB291EB4BF00283214 /* ImageApp */;
			targetProxy = 026A45AF2F4B92B9002FA156 /* PBXContainerItemProxy */;
		};
/* End PBXTargetDependency section */

/* Begin XCBuildConfiguration section */
		026A45B22F4B92B9002FA156 /* Debug */ = {
			isa = XCBuildConfiguration;
			buildSettings = {
				ASSETCATALOG_COMPILER_GENERATE_SWIFT_ASSET_SYMBOL_EXTENSIONS = YES;
				BUNDLE_LOADER = "$(TEST_HOST)";
				CODE_SIGN_STYLE = Automatic;
				CURRENT_PROJECT_VERSION = 1;
				DEVELOPMENT_TEAM = 25N4CF38HK;
				ENABLE_USER_SCRIPT_SANDBOXING = YES;
				GCC_C_LANGUAGE_STANDARD = gnu17;
				GENERATE_INFOPLIST_FILE = YES;
				IPHONEOS_DEPLOYMENT_TARGET = 26.2;
				LOCALIZATION_PREFERS_STRING_CATALOGS = YES;
				MARKETING_VERSION = 1.0;
				PRODUCT_BUNDLE_IDENTIFIER = com.rauda.dev.app.ImageApp.ImageAppTests;
				PRODUCT_NAME = "$(TARGET_NAME)";
				STRING_CATALOG_GENERATE_SYMBOLS = NO;
				SWIFT_ACTIVE_COMPILATION_CONDITIONS = "DEBUG $(inherited)";
				SWIFT_APPROACHABLE_CONCURRENCY = YES;
				SWIFT_EMIT_LOC_STRINGS = NO;
				SWIFT_UPCOMING_FEATURE_MEMBER_IMPORT_VISIBILITY = YES;
				SWIFT_VERSION = 5.0;
				TARGETED_DEVICE_FAMILY = "1,2";
				TEST_HOST = "$(BUILT_PRODUCTS_DIR)/ImageApp.app/$(BUNDLE_EXECUTABLE_FOLDER_PATH)/ImageApp";
			};
			name = Debug;
		};
		026A45B32F4B92B9002FA156 /* Release */ = {
			isa = XCBuildConfiguration;
			buildSettings = {
				ASSETCATALOG_COMPILER_GENERATE_SWIFT_ASSET_SYMBOL_EXTENSIONS = YES;
				BUNDLE_LOADER = "$(TEST_HOST)";
				CODE_SIGN_STYLE = Automatic;
				CURRENT_PROJECT_VERSION = 1;
				DEVELOPMENT_TEAM = 25N4CF38HK;
				ENABLE_USER_SCRIPT_SANDBOXING = YES;
				GCC_C_LANGUAGE_STANDARD = gnu17;
				GENERATE_INFOPLIST_FILE = YES;
				IPHONEOS_DEPLOYMENT_TARGET = 26.2;
				LOCALIZATION_PREFERS_STRING_CATALOGS = YES;
				MARKETING_VERSION = 1.0;
				PRODUCT_BUNDLE_IDENTIFIER = com.rauda.dev.app.ImageApp.ImageAppTests;
				PRODUCT_NAME = "$(TARGET_NAME)";
				STRING_CATALOG_GENERATE_SYMBOLS = NO;
				SWIFT_APPROACHABLE_CONCURRENCY = YES;
				SWIFT_EMIT_LOC_STRINGS = NO;
				SWIFT_UPCOMING_FEATURE_MEMBER_IMPORT_VISIBILITY = YES;
				SWIFT_VERSION = 5.0;
				TARGETED_DEVICE_FAMILY = "1,2";
				TEST_HOST = "$(BUILT_PRODUCTS_DIR)/ImageApp.app/$(BUNDLE_EXECUTABLE_FOLDER_PATH)/ImageApp";
			};
			name = Release;
		};
		CEC1C7C8291EB4C000283214 /* Debug */ = {
			isa = XCBuildConfiguration;
			buildSettings = {
				ALWAYS_SEARCH_USER_PATHS = NO;
				CLANG_ANALYZER_NONNULL = YES;
				CLANG_ANALYZER_NUMBER_OBJECT_CONVERSION = YES_AGGRESSIVE;
				CLANG_CXX_LANGUAGE_STANDARD = "gnu++20";
				CLANG_ENABLE_MODULES = YES;
				CLANG_ENABLE_OBJC_ARC = YES;
				CLANG_ENABLE_OBJC_WEAK = YES;
				CLANG_WARN_BLOCK_CAPTURE_AUTORELEASING = YES;
				CLANG_WARN_BOOL_CONVERSION = YES;
				CLANG_WARN_COMMA = YES;
				CLANG_WARN_CONSTANT_CONVERSION = YES;
				CLANG_WARN_DEPRECATED_OBJC_IMPLEMENTATIONS = YES;
				CLANG_WARN_DIRECT_OBJC_ISA_USAGE = YES_ERROR;
				CLANG_WARN_DOCUMENTATION_COMMENTS = YES;
				CLANG_WARN_EMPTY_BODY = YES;
				CLANG_WARN_ENUM_CONVERSION = YES;
				CLANG_WARN_INFINITE_RECURSION = YES;
				CLANG_WARN_INT_CONVERSION = YES;
				CLANG_WARN_NON_LITERAL_NULL_CONVERSION = YES;
				CLANG_WARN_OBJC_IMPLICIT_RETAIN_SELF = YES;
				CLANG_WARN_OBJC_LITERAL_CONVERSION = YES;
				CLANG_WARN_OBJC_ROOT_CLASS = YES_ERROR;
				CLANG_WARN_QUOTED_INCLUDE_IN_FRAMEWORK_HEADER = YES;
				CLANG_WARN_RANGE_LOOP_ANALYSIS = YES;
				CLANG_WARN_STRICT_PROTOTYPES = YES;
				CLANG_WARN_SUSPICIOUS_MOVE = YES;
				CLANG_WARN_UNGUARDED_AVAILABILITY = YES_AGGRESSIVE;
				CLANG_WARN_UNREACHABLE_CODE = YES;
				CLANG_WARN__DUPLICATE_METHOD_MATCH = YES;
				COPY_PHASE_STRIP = NO;
				DEBUG_INFORMATION_FORMAT = dwarf;
				ENABLE_STRICT_OBJC_MSGSEND = YES;
				ENABLE_TESTABILITY = YES;
				GCC_C_LANGUAGE_STANDARD = gnu11;
				GCC_DYNAMIC_NO_PIC = NO;
				GCC_NO_COMMON_BLOCKS = YES;
				GCC_OPTIMIZATION_LEVEL = 0;
				GCC_PREPROCESSOR_DEFINITIONS = (
					"DEBUG=1",
					"$(inherited)",
				);
				GCC_WARN_64_TO_32_BIT_CONVERSION = YES;
				GCC_WARN_ABOUT_RETURN_TYPE = YES_ERROR;
				GCC_WARN_UNDECLARED_SELECTOR = YES;
				GCC_WARN_UNINITIALIZED_AUTOS = YES_AGGRESSIVE;
				GCC_WARN_UNUSED_FUNCTION = YES;
				GCC_WARN_UNUSED_VARIABLE = YES;
				IPHONEOS_DEPLOYMENT_TARGET = 16.0;
				MTL_ENABLE_DEBUG_INFO = INCLUDE_SOURCE;
				MTL_FAST_MATH = YES;
				ONLY_ACTIVE_ARCH = YES;
				SDKROOT = iphoneos;
				SWIFT_ACTIVE_COMPILATION_CONDITIONS = DEBUG;
				SWIFT_OPTIMIZATION_LEVEL = "-Onone";
			};
			name = Debug;
		};
		CEC1C7C9291EB4C000283214 /* Release */ = {
			isa = XCBuildConfiguration;
			buildSettings = {
				ALWAYS_SEARCH_USER_PATHS = NO;
				CLANG_ANALYZER_NONNULL = YES;
				CLANG_ANALYZER_NUMBER_OBJECT_CONVERSION = YES_AGGRESSIVE;
				CLANG_CXX_LANGUAGE_STANDARD = "gnu++20";
				CLANG_ENABLE_MODULES = YES;
				CLANG_ENABLE_OBJC_ARC = YES;
				CLANG_ENABLE_OBJC_WEAK = YES;
				CLANG_WARN_BLOCK_CAPTURE_AUTORELEASING = YES;
				CLANG_WARN_BOOL_CONVERSION = YES;
				CLANG_WARN_COMMA = YES;
				CLANG_WARN_CONSTANT_CONVERSION = YES;
				CLANG_WARN_DEPRECATED_OBJC_IMPLEMENTATIONS = YES;
				CLANG_WARN_DIRECT_OBJC_ISA_USAGE = YES_ERROR;
				CLANG_WARN_DOCUMENTATION_COMMENTS = YES;
				CLANG_WARN_EMPTY_BODY = YES;
				CLANG_WARN_ENUM_CONVERSION = YES;
				CLANG_WARN_INFINITE_RECURSION = YES;
				CLANG_WARN_INT_CONVERSION = YES;
				CLANG_WARN_NON_LITERAL_NULL_CONVERSION = YES;
				CLANG_WARN_OBJC_IMPLICIT_RETAIN_SELF = YES;
				CLANG_WARN_OBJC_LITERAL_CONVERSION = YES;
				CLANG_WARN_OBJC_ROOT_CLASS = YES_ERROR;
				CLANG_WARN_QUOTED_INCLUDE_IN_FRAMEWORK_HEADER = YES;
				CLANG_WARN_RANGE_LOOP_ANALYSIS = YES;
				CLANG_WARN_STRICT_PROTOTYPES = YES;
				CLANG_WARN_SUSPICIOUS_MOVE = YES;
				CLANG_WARN_UNGUARDED_AVAILABILITY = YES_AGGRESSIVE;
				CLANG_WARN_UNREACHABLE_CODE = YES;
				CLANG_WARN__DUPLICATE_METHOD_MATCH = YES;
				COPY_PHASE_STRIP = NO;
				DEBUG_INFORMATION_FORMAT = "dwarf-with-dsym";
				ENABLE_NS_ASSERTIONS = NO;
				ENABLE_STRICT_OBJC_MSGSEND = YES;
				GCC_C_LANGUAGE_STANDARD = gnu11;
				GCC_NO_COMMON_BLOCKS = YES;
				GCC_WARN_64_TO_32_BIT_CONVERSION = YES;
				GCC_WARN_ABOUT_RETURN_TYPE = YES_ERROR;
				GCC_WARN_UNDECLARED_SELECTOR = YES;
				GCC_WARN_UNINITIALIZED_AUTOS = YES_AGGRESSIVE;
				GCC_WARN_UNUSED_FUNCTION = YES;
				GCC_WARN_UNUSED_VARIABLE = YES;
				IPHONEOS_DEPLOYMENT_TARGET = 16.0;
				MTL_ENABLE_DEBUG_INFO = NO;
				MTL_FAST_MATH = YES;
				SDKROOT = iphoneos;
				SWIFT_COMPILATION_MODE = wholemodule;
				SWIFT_OPTIMIZATION_LEVEL = "-O";
				VALIDATE_PRODUCT = YES;
			};
			name = Release;
		};
		CEC1C7CB291EB4C000283214 /* Debug */ = {
			isa = XCBuildConfiguration;
			buildSettings = {
				ASSETCATALOG_COMPILER_APPICON_NAME = AppIcon;
				ASSETCATALOG_COMPILER_GLOBAL_ACCENT_COLOR_NAME = AccentColor;
				CODE_SIGN_STYLE = Automatic;
				CURRENT_PROJECT_VERSION = 1;
				DEVELOPMENT_ASSET_PATHS = "\"Sources/Preview Content\"";
				DEVELOPMENT_TEAM = 25N4CF38HK;
				ENABLE_PREVIEWS = YES;
				GENERATE_INFOPLIST_FILE = YES;
				INFOPLIST_KEY_CFBundleDisplayName = "Images App";
				INFOPLIST_KEY_LSApplicationCategoryType = "public.app-category.photography";
				INFOPLIST_KEY_UIApplicationSceneManifest_Generation = YES;
				INFOPLIST_KEY_UIApplicationSupportsIndirectInputEvents = YES;
				INFOPLIST_KEY_UILaunchScreen_Generation = YES;
				INFOPLIST_KEY_UISupportedInterfaceOrientations_iPad = "UIInterfaceOrientationPortrait UIInterfaceOrientationPortraitUpsideDown UIInterfaceOrientationLandscapeLeft UIInterfaceOrientationLandscapeRight";
				INFOPLIST_KEY_UISupportedInterfaceOrientations_iPhone = "UIInterfaceOrientationPortrait UIInterfaceOrientationLandscapeLeft UIInterfaceOrientationLandscapeRight";
				LD_RUNPATH_SEARCH_PATHS = (
					"$(inherited)",
					"@executable_path/Frameworks",
				);
				MARKETING_VERSION = 1.0;
				PRODUCT_BUNDLE_IDENTIFIER = com.rauda.dev.app.ImageApp;
				PRODUCT_NAME = "$(TARGET_NAME)";
				SWIFT_EMIT_LOC_STRINGS = YES;
				SWIFT_VERSION = 5.0;
				TARGETED_DEVICE_FAMILY = "1,2";
			};
			name = Debug;
		};
		CEC1C7CC291EB4C000283214 /* Release */ = {
			isa = XCBuildConfiguration;
			buildSettings = {
				ASSETCATALOG_COMPILER_APPICON_NAME = AppIcon;
				ASSETCATALOG_COMPILER_GLOBAL_ACCENT_COLOR_NAME = AccentColor;
				CODE_SIGN_STYLE = Automatic;
				CURRENT_PROJECT_VERSION = 1;
				DEVELOPMENT_ASSET_PATHS = "\"Sources/Preview Content\"";
				DEVELOPMENT_TEAM = 25N4CF38HK;
				ENABLE_PREVIEWS = YES;
				GENERATE_INFOPLIST_FILE = YES;
				INFOPLIST_KEY_CFBundleDisplayName = "Images App";
				INFOPLIST_KEY_LSApplicationCategoryType = "public.app-category.photography";
				INFOPLIST_KEY_UIApplicationSceneManifest_Generation = YES;
				INFOPLIST_KEY_UIApplicationSupportsIndirectInputEvents = YES;
				INFOPLIST_KEY_UILaunchScreen_Generation = YES;
				INFOPLIST_KEY_UISupportedInterfaceOrientations_iPad = "UIInterfaceOrientationPortrait UIInterfaceOrientationPortraitUpsideDown UIInterfaceOrientationLandscapeLeft UIInterfaceOrientationLandscapeRight";
				INFOPLIST_KEY_UISupportedInterfaceOrientations_iPhone = "UIInterfaceOrientationPortrait UIInterfaceOrientationLandscapeLeft UIInterfaceOrientationLandscapeRight";
				LD_RUNPATH_SEARCH_PATHS = (
					"$(inherited)",
					"@executable_path/Frameworks",
				);
				MARKETING_VERSION = 1.0;
				PRODUCT_BUNDLE_IDENTIFIER = com.rauda.dev.app.ImageApp;
				PRODUCT_NAME = "$(TARGET_NAME)";
				SWIFT_EMIT_LOC_STRINGS = YES;
				SWIFT_VERSION = 5.0;
				TARGETED_DEVICE_FAMILY = "1,2";
			};
			name = Release;
		};
/* End XCBuildConfiguration section */

/* Begin XCConfigurationList section */
		026A45B12F4B92B9002FA156 /* Build configuration list for PBXNativeTarget "ImageAppTests" */ = {
			isa = XCConfigurationList;
			buildConfigurations = (
				026A45B22F4B92B9002FA156 /* Debug */,
				026A45B32F4B92B9002FA156 /* Release */,
			);
			defaultConfigurationIsVisible = 0;
			defaultConfigurationName = Release;
		};
		CEC1C7B7291EB4BF00283214 /* Build configuration list for PBXProject "ImageApp" */ = {
			isa = XCConfigurationList;
			buildConfigurations = (
				CEC1C7C8291EB4C000283214 /* Debug */,
				CEC1C7C9291EB4C000283214 /* Release */,
			);
			defaultConfigurationIsVisible = 0;
			defaultConfigurationName = Release;
		};
		CEC1C7CA291EB4C000283214 /* Build configuration list for PBXNativeTarget "ImageApp" */ = {
			isa = XCConfigurationList;
			buildConfigurations = (
				CEC1C7CB291EB4C000283214 /* Debug */,
				CEC1C7CC291EB4C000283214 /* Release */,
			);
			defaultConfigurationIsVisible = 0;
			defaultConfigurationName = Release;
		};
/* End XCConfigurationList section */

/* Begin XCRemoteSwiftPackageReference section */
		0228EFC72B193DB10044B4C1 /* XCRemoteSwiftPackageReference "Kingfisher" */ = {
			isa = XCRemoteSwiftPackageReference;
			repositoryURL = "https://github.com/onevcat/Kingfisher.git";
			requirement = {
				kind = upToNextMajorVersion;
				minimumVersion = 7.10.0;
			};
		};
		026A45D62F4D631A002FA156 /* XCRemoteSwiftPackageReference "ViewInspector" */ = {
			isa = XCRemoteSwiftPackageReference;
			repositoryURL = "https://github.com/nalexn/ViewInspector.git";
			requirement = {
				kind = upToNextMajorVersion;
				minimumVersion = 0.10.3;
			};
		};
/* End XCRemoteSwiftPackageReference section */

/* Begin XCSwiftPackageProductDependency section */
		0228EFC82B193DB10044B4C1 /* Kingfisher */ = {
			isa = XCSwiftPackageProductDependency;
			package = 0228EFC72B193DB10044B4C1 /* XCRemoteSwiftPackageReference "Kingfisher" */;
			productName = Kingfisher;
		};
		026A45D72F4D631A002FA156 /* ViewInspector */ = {
			isa = XCSwiftPackageProductDependency;
			package = 026A45D62F4D631A002FA156 /* XCRemoteSwiftPackageReference "ViewInspector" */;
			productName = ViewInspector;
		};
/* End XCSwiftPackageProductDependency section */
	};
	rootObject = CEC1C7B4291EB4BF00283214 /* Project object */;
}
